// !$*UTF8*$!
{
	archiveVersion = 1;
	classes = {
	};
	objectVersion = 54;
	objects = {

/* Begin PBXBuildFile section */
		39114EE726E2C908004FC75B /* LNViewHierarchyDumper in Frameworks */ = {isa = PBXBuildFile; productRef = 39114EE626E2C908004FC75B /* LNViewHierarchyDumper */; };
		39114EE826E2C908004FC75B /* LNViewHierarchyDumper in Embed Frameworks */ = {isa = PBXBuildFile; productRef = 39114EE626E2C908004FC75B /* LNViewHierarchyDumper */; settings = {ATTRIBUTES = (CodeSignOnCopy, ); }; };
		39926DAA2A865382001A169E /* NonMacDumpLogic.swift in Sources */ = {isa = PBXBuildFile; fileRef = 39926DA92A865382001A169E /* NonMacDumpLogic.swift */; };
		39926DAB2A865382001A169E /* NonMacDumpLogic.swift in Sources */ = {isa = PBXBuildFile; fileRef = 39926DA92A865382001A169E /* NonMacDumpLogic.swift */; };
		39926DAD2A8653E0001A169E /* LNViewHierarchyDumper in Frameworks */ = {isa = PBXBuildFile; productRef = 39926DAC2A8653E0001A169E /* LNViewHierarchyDumper */; };
		39926DAE2A8653E0001A169E /* LNViewHierarchyDumper in Embed Frameworks */ = {isa = PBXBuildFile; productRef = 39926DAC2A8653E0001A169E /* LNViewHierarchyDumper */; settings = {ATTRIBUTES = (CodeSignOnCopy, ); }; };
		39A46C4B2A79B3850059960A /* AppDelegate.swift in Sources */ = {isa = PBXBuildFile; fileRef = 39A46C4A2A79B3850059960A /* AppDelegate.swift */; };
		39A46C4D2A79B3850059960A /* ViewController.swift in Sources */ = {isa = PBXBuildFile; fileRef = 39A46C4C2A79B3850059960A /* ViewController.swift */; };
		39A46C4F2A79B3880059960A /* Assets.xcassets in Resources */ = {isa = PBXBuildFile; fileRef = 39A46C4E2A79B3880059960A /* Assets.xcassets */; };
		39A46C522A79B3880059960A /* Main.storyboard in Resources */ = {isa = PBXBuildFile; fileRef = 39A46C502A79B3880059960A /* Main.storyboard */; };
		39A46C582A79B6890059960A /* LNViewHierarchyDumper in Frameworks */ = {isa = PBXBuildFile; productRef = 39A46C572A79B6890059960A /* LNViewHierarchyDumper */; };
		39A46C592A79B6890059960A /* LNViewHierarchyDumper in Embed Frameworks */ = {isa = PBXBuildFile; productRef = 39A46C572A79B6890059960A /* LNViewHierarchyDumper */; settings = {ATTRIBUTES = (CodeSignOnCopy, ); }; };
		39B85D0424AF9C8400EF17BB /* AppDelegate.swift in Sources */ = {isa = PBXBuildFile; fileRef = 39B85D0324AF9C8400EF17BB /* AppDelegate.swift */; };
		39B85D0624AF9C8400EF17BB /* SceneDelegate.swift in Sources */ = {isa = PBXBuildFile; fileRef = 39B85D0524AF9C8400EF17BB /* SceneDelegate.swift */; };
		39B85D0824AF9C8400EF17BB /* ViewController.swift in Sources */ = {isa = PBXBuildFile; fileRef = 39B85D0724AF9C8400EF17BB /* ViewController.swift */; };
		39B85D0B24AF9C8400EF17BB /* Main.storyboard in Resources */ = {isa = PBXBuildFile; fileRef = 39B85D0924AF9C8400EF17BB /* Main.storyboard */; };
		39B85D0D24AF9C8500EF17BB /* Assets.xcassets in Resources */ = {isa = PBXBuildFile; fileRef = 39B85D0C24AF9C8500EF17BB /* Assets.xcassets */; };
		39B85D1024AF9C8500EF17BB /* LaunchScreen.storyboard in Resources */ = {isa = PBXBuildFile; fileRef = 39B85D0E24AF9C8500EF17BB /* LaunchScreen.storyboard */; };
		39CD0A0D2A85C0FF00E291D0 /* WatchViewHierarchyDumpTesterApp.swift in Sources */ = {isa = PBXBuildFile; fileRef = 39CD0A0C2A85C0FF00E291D0 /* WatchViewHierarchyDumpTesterApp.swift */; };
		39CD0A0F2A85C0FF00E291D0 /* ContentView.swift in Sources */ = {isa = PBXBuildFile; fileRef = 39CD0A0E2A85C0FF00E291D0 /* ContentView.swift */; };
		39CD0A112A85C10000E291D0 /* Assets.xcassets in Resources */ = {isa = PBXBuildFile; fileRef = 39CD0A102A85C10000E291D0 /* Assets.xcassets */; };
/* End PBXBuildFile section */

/* Begin PBXCopyFilesBuildPhase section */
		39926DAF2A8653E0001A169E /* Embed Frameworks */ = {
			isa = PBXCopyFilesBuildPhase;
			buildActionMask = 2147483647;
			dstPath = "";
			dstSubfolderSpec = 10;
			files = (
				39926DAE2A8653E0001A169E /* LNViewHierarchyDumper in Embed Frameworks */,
			);
			name = "Embed Frameworks";
			runOnlyForDeploymentPostprocessing = 0;
		};
		39A46C5A2A79B6890059960A /* Embed Frameworks */ = {
			isa = PBXCopyFilesBuildPhase;
			buildActionMask = 2147483647;
			dstPath = "";
			dstSubfolderSpec = 10;
			files = (
				39A46C592A79B6890059960A /* LNViewHierarchyDumper in Embed Frameworks */,
			);
			name = "Embed Frameworks";
			runOnlyForDeploymentPostprocessing = 0;
		};
		39B85D2024AF9C9200EF17BB /* Embed Frameworks */ = {
			isa = PBXCopyFilesBuildPhase;
			buildActionMask = 2147483647;
			dstPath = "";
			dstSubfolderSpec = 10;
			files = (
				39114EE826E2C908004FC75B /* LNViewHierarchyDumper in Embed Frameworks */,
			);
			name = "Embed Frameworks";
			runOnlyForDeploymentPostprocessing = 0;
		};
/* End PBXCopyFilesBuildPhase section */

/* Begin PBXFileReference section */
		39114EE326E2C8F6004FC75B /* LNViewHierarchyDumper */ = {isa = PBXFileReference; lastKnownFileType = folder; name = LNViewHierarchyDumper; path = ..; sourceTree = "<group>"; };
		39926DA92A865382001A169E /* NonMacDumpLogic.swift */ = {isa = PBXFileReference; lastKnownFileType = sourcecode.swift; path = NonMacDumpLogic.swift; sourceTree = "<group>"; };
		39A46C482A79B3850059960A /* AppKitViewHierarchyDumpTester.app */ = {isa = PBXFileReference; explicitFileType = wrapper.application; includeInIndex = 0; path = AppKitViewHierarchyDumpTester.app; sourceTree = BUILT_PRODUCTS_DIR; };
		39A46C4A2A79B3850059960A /* AppDelegate.swift */ = {isa = PBXFileReference; lastKnownFileType = sourcecode.swift; path = AppDelegate.swift; sourceTree = "<group>"; };
		39A46C4C2A79B3850059960A /* ViewController.swift */ = {isa = PBXFileReference; lastKnownFileType = sourcecode.swift; path = ViewController.swift; sourceTree = "<group>"; };
		39A46C4E2A79B3880059960A /* Assets.xcassets */ = {isa = PBXFileReference; lastKnownFileType = folder.assetcatalog; path = Assets.xcassets; sourceTree = "<group>"; };
		39A46C512A79B3880059960A /* Base */ = {isa = PBXFileReference; lastKnownFileType = file.storyboard; name = Base; path = Base.lproj/Main.storyboard; sourceTree = "<group>"; };
		39A46C532A79B3880059960A /* AppKitViewHierarchyDumpTester.entitlements */ = {isa = PBXFileReference; lastKnownFileType = text.plist.entitlements; path = AppKitViewHierarchyDumpTester.entitlements; sourceTree = "<group>"; };
		39B85D0024AF9C8400EF17BB /* ViewHierarchyDumpTester.app */ = {isa = PBXFileReference; explicitFileType = wrapper.application; includeInIndex = 0; path = ViewHierarchyDumpTester.app; sourceTree = BUILT_PRODUCTS_DIR; };
		39B85D0324AF9C8400EF17BB /* AppDelegate.swift */ = {isa = PBXFileReference; lastKnownFileType = sourcecode.swift; path = AppDelegate.swift; sourceTree = "<group>"; };
		39B85D0524AF9C8400EF17BB /* SceneDelegate.swift */ = {isa = PBXFileReference; lastKnownFileType = sourcecode.swift; path = SceneDelegate.swift; sourceTree = "<group>"; };
		39B85D0724AF9C8400EF17BB /* ViewController.swift */ = {isa = PBXFileReference; lastKnownFileType = sourcecode.swift; path = ViewController.swift; sourceTree = "<group>"; };
		39B85D0A24AF9C8400EF17BB /* Base */ = {isa = PBXFileReference; lastKnownFileType = file.storyboard; name = Base; path = Base.lproj/Main.storyboard; sourceTree = "<group>"; };
		39B85D0C24AF9C8500EF17BB /* Assets.xcassets */ = {isa = PBXFileReference; lastKnownFileType = folder.assetcatalog; path = Assets.xcassets; sourceTree = "<group>"; };
		39B85D0F24AF9C8500EF17BB /* Base */ = {isa = PBXFileReference; lastKnownFileType = file.storyboard; name = Base; path = Base.lproj/LaunchScreen.storyboard; sourceTree = "<group>"; };
		39B85D1124AF9C8500EF17BB /* Info.plist */ = {isa = PBXFileReference; lastKnownFileType = text.plist.xml; path = Info.plist; sourceTree = "<group>"; };
		39B85D2524AFA74100EF17BB /* ViewHierarchyDumpTester.entitlements */ = {isa = PBXFileReference; lastKnownFileType = text.plist.entitlements; path = ViewHierarchyDumpTester.entitlements; sourceTree = "<group>"; };
		39CD0A0A2A85C0FF00E291D0 /* WatchViewHierarchyDumpTester.app */ = {isa = PBXFileReference; explicitFileType = wrapper.application; includeInIndex = 0; path = WatchViewHierarchyDumpTester.app; sourceTree = BUILT_PRODUCTS_DIR; };
		39CD0A0C2A85C0FF00E291D0 /* WatchViewHierarchyDumpTesterApp.swift */ = {isa = PBXFileReference; lastKnownFileType = sourcecode.swift; path = WatchViewHierarchyDumpTesterApp.swift; sourceTree = "<group>"; };
		39CD0A0E2A85C0FF00E291D0 /* ContentView.swift */ = {isa = PBXFileReference; lastKnownFileType = sourcecode.swift; path = ContentView.swift; sourceTree = "<group>"; };
		39CD0A102A85C10000E291D0 /* Assets.xcassets */ = {isa = PBXFileReference; lastKnownFileType = folder.assetcatalog; path = Assets.xcassets; sourceTree = "<group>"; };
/* End PBXFileReference section */

/* Begin PBXFrameworksBuildPhase section */
		39A46C452A79B3850059960A /* Frameworks */ = {
			isa = PBXFrameworksBuildPhase;
			buildActionMask = 2147483647;
			files = (
				39A46C582A79B6890059960A /* LNViewHierarchyDumper in Frameworks */,
			);
			runOnlyForDeploymentPostprocessing = 0;
		};
		39B85CFD24AF9C8400EF17BB /* Frameworks */ = {
			isa = PBXFrameworksBuildPhase;
			buildActionMask = 2147483647;
			files = (
				39114EE726E2C908004FC75B /* LNViewHierarchyDumper in Frameworks */,
			);
			runOnlyForDeploymentPostprocessing = 0;
		};
		39CD0A072A85C0FF00E291D0 /* Frameworks */ = {
			isa = PBXFrameworksBuildPhase;
			buildActionMask = 2147483647;
			files = (
				39926DAD2A8653E0001A169E /* LNViewHierarchyDumper in Frameworks */,
			);
			runOnlyForDeploymentPostprocessing = 0;
		};
/* End PBXFrameworksBuildPhase section */

/* Begin PBXGroup section */
		39A46C492A79B3850059960A /* AppKitViewHierarchyDumpTester */ = {
			isa = PBXGroup;
			children = (
				39A46C4A2A79B3850059960A /* AppDelegate.swift */,
				39A46C4C2A79B3850059960A /* ViewController.swift */,
				39A46C4E2A79B3880059960A /* Assets.xcassets */,
				39A46C502A79B3880059960A /* Main.storyboard */,
				39A46C532A79B3880059960A /* AppKitViewHierarchyDumpTester.entitlements */,
			);
			path = AppKitViewHierarchyDumpTester;
			sourceTree = "<group>";
		};
		39B85CF724AF9C8400EF17BB = {
			isa = PBXGroup;
			children = (
				39114EE326E2C8F6004FC75B /* LNViewHierarchyDumper */,
				39B85D0224AF9C8400EF17BB /* ViewHierarchyDumpTester */,
				39A46C492A79B3850059960A /* AppKitViewHierarchyDumpTester */,
				39CD0A0B2A85C0FF00E291D0 /* WatchViewHierarchyDumpTester Watch App */,
				39B85D0124AF9C8400EF17BB /* Products */,
				39B85D1D24AF9C9200EF17BB /* Frameworks */,
			);
			sourceTree = "<group>";
		};
		39B85D0124AF9C8400EF17BB /* Products */ = {
			isa = PBXGroup;
			children = (
				39B85D0024AF9C8400EF17BB /* ViewHierarchyDumpTester.app */,
				39A46C482A79B3850059960A /* AppKitViewHierarchyDumpTester.app */,
				39CD0A0A2A85C0FF00E291D0 /* WatchViewHierarchyDumpTester.app */,
			);
			name = Products;
			sourceTree = "<group>";
		};
		39B85D0224AF9C8400EF17BB /* ViewHierarchyDumpTester */ = {
			isa = PBXGroup;
			children = (
				39B85D2524AFA74100EF17BB /* ViewHierarchyDumpTester.entitlements */,
				39B85D0324AF9C8400EF17BB /* AppDelegate.swift */,
				39B85D0524AF9C8400EF17BB /* SceneDelegate.swift */,
				39B85D0724AF9C8400EF17BB /* ViewController.swift */,
				39B85D0924AF9C8400EF17BB /* Main.storyboard */,
				39B85D0C24AF9C8500EF17BB /* Assets.xcassets */,
				39B85D0E24AF9C8500EF17BB /* LaunchScreen.storyboard */,
				39B85D1124AF9C8500EF17BB /* Info.plist */,
				39926DA92A865382001A169E /* NonMacDumpLogic.swift */,
			);
			path = ViewHierarchyDumpTester;
			sourceTree = "<group>";
		};
		39B85D1D24AF9C9200EF17BB /* Frameworks */ = {
			isa = PBXGroup;
			children = (
			);
			name = Frameworks;
			sourceTree = "<group>";
		};
		39CD0A0B2A85C0FF00E291D0 /* WatchViewHierarchyDumpTester Watch App */ = {
			isa = PBXGroup;
			children = (
				39CD0A0C2A85C0FF00E291D0 /* WatchViewHierarchyDumpTesterApp.swift */,
				39CD0A0E2A85C0FF00E291D0 /* ContentView.swift */,
				39CD0A102A85C10000E291D0 /* Assets.xcassets */,
			);
			path = "WatchViewHierarchyDumpTester Watch App";
			sourceTree = "<group>";
		};
/* End PBXGroup section */

/* Begin PBXNativeTarget section */
		39A46C472A79B3850059960A /* AppKitViewHierarchyDumpTester */ = {
			isa = PBXNativeTarget;
			buildConfigurationList = 39A46C562A79B3880059960A /* Build configuration list for PBXNativeTarget "AppKitViewHierarchyDumpTester" */;
			buildPhases = (
				39A46C442A79B3850059960A /* Sources */,
				39A46C452A79B3850059960A /* Frameworks */,
				39A46C462A79B3850059960A /* Resources */,
				39A46C5A2A79B6890059960A /* Embed Frameworks */,
			);
			buildRules = (
			);
			dependencies = (
			);
			name = AppKitViewHierarchyDumpTester;
			packageProductDependencies = (
				39A46C572A79B6890059960A /* LNViewHierarchyDumper */,
			);
			productName = AppKitViewHierarchyDumpTester;
			productReference = 39A46C482A79B3850059960A /* AppKitViewHierarchyDumpTester.app */;
			productType = "com.apple.product-type.application";
		};
		39B85CFF24AF9C8400EF17BB /* ViewHierarchyDumpTester */ = {
			isa = PBXNativeTarget;
			buildConfigurationList = 39B85D1424AF9C8500EF17BB /* Build configuration list for PBXNativeTarget "ViewHierarchyDumpTester" */;
			buildPhases = (
				39B85CFC24AF9C8400EF17BB /* Sources */,
				39B85CFD24AF9C8400EF17BB /* Frameworks */,
				39B85CFE24AF9C8400EF17BB /* Resources */,
				39B85D2024AF9C9200EF17BB /* Embed Frameworks */,
			);
			buildRules = (
			);
			dependencies = (
				39114EE526E2C901004FC75B /* PBXTargetDependency */,
			);
			name = ViewHierarchyDumpTester;
			packageProductDependencies = (
				39114EE626E2C908004FC75B /* LNViewHierarchyDumper */,
			);
			productName = ViewHierarchyDumpTester;
			productReference = 39B85D0024AF9C8400EF17BB /* ViewHierarchyDumpTester.app */;
			productType = "com.apple.product-type.application";
		};
		39CD0A092A85C0FF00E291D0 /* WatchViewHierarchyDumpTester */ = {
			isa = PBXNativeTarget;
			buildConfigurationList = 39CD0A1B2A85C10000E291D0 /* Build configuration list for PBXNativeTarget "WatchViewHierarchyDumpTester" */;
			buildPhases = (
				39CD0A062A85C0FF00E291D0 /* Sources */,
				39CD0A072A85C0FF00E291D0 /* Frameworks */,
				39CD0A082A85C0FF00E291D0 /* Resources */,
				39926DAF2A8653E0001A169E /* Embed Frameworks */,
			);
			buildRules = (
			);
			dependencies = (
			);
			name = WatchViewHierarchyDumpTester;
			packageProductDependencies = (
				39926DAC2A8653E0001A169E /* LNViewHierarchyDumper */,
			);
			productName = "WatchViewHierarchyDumpTester Watch App";
			productReference = 39CD0A0A2A85C0FF00E291D0 /* WatchViewHierarchyDumpTester.app */;
			productType = "com.apple.product-type.application";
		};
/* End PBXNativeTarget section */

/* Begin PBXProject section */
		39B85CF824AF9C8400EF17BB /* Project object */ = {
			isa = PBXProject;
			attributes = {
				LastSwiftUpdateCheck = 1430;
				LastUpgradeCheck = 1500;
				TargetAttributes = {
					39A46C472A79B3850059960A = {
						CreatedOnToolsVersion = 15.0;
					};
					39B85CFF24AF9C8400EF17BB = {
						CreatedOnToolsVersion = 12.0;
					};
					39CD0A092A85C0FF00E291D0 = {
						CreatedOnToolsVersion = 14.3;
					};
				};
			};
			buildConfigurationList = 39B85CFB24AF9C8400EF17BB /* Build configuration list for PBXProject "ViewHierarchyDumpTester" */;
			compatibilityVersion = "Xcode 9.3";
			developmentRegion = en;
			hasScannedForEncodings = 0;
			knownRegions = (
				en,
				Base,
			);
			mainGroup = 39B85CF724AF9C8400EF17BB;
			productRefGroup = 39B85D0124AF9C8400EF17BB /* Products */;
			projectDirPath = "";
			projectRoot = "";
			targets = (
				39B85CFF24AF9C8400EF17BB /* ViewHierarchyDumpTester */,
				39A46C472A79B3850059960A /* AppKitViewHierarchyDumpTester */,
				39CD0A092A85C0FF00E291D0 /* WatchViewHierarchyDumpTester */,
			);
		};
/* End PBXProject section */

/* Begin PBXResourcesBuildPhase section */
		39A46C462A79B3850059960A /* Resources */ = {
			isa = PBXResourcesBuildPhase;
			buildActionMask = 2147483647;
			files = (
				39A46C4F2A79B3880059960A /* Assets.xcassets in Resources */,
				39A46C522A79B3880059960A /* Main.storyboard in Resources */,
			);
			runOnlyForDeploymentPostprocessing = 0;
		};
		39B85CFE24AF9C8400EF17BB /* Resources */ = {
			isa = PBXResourcesBuildPhase;
			buildActionMask = 2147483647;
			files = (
				39B85D1024AF9C8500EF17BB /* LaunchScreen.storyboard in Resources */,
				39B85D0D24AF9C8500EF17BB /* Assets.xcassets in Resources */,
				39B85D0B24AF9C8400EF17BB /* Main.storyboard in Resources */,
			);
			runOnlyForDeploymentPostprocessing = 0;
		};
		39CD0A082A85C0FF00E291D0 /* Resources */ = {
			isa = PBXResourcesBuildPhase;
			buildActionMask = 2147483647;
			files = (
				39CD0A112A85C10000E291D0 /* Assets.xcassets in Resources */,
			);
			runOnlyForDeploymentPostprocessing = 0;
		};
/* End PBXResourcesBuildPhase section */

/* Begin PBXSourcesBuildPhase section */
		39A46C442A79B3850059960A /* Sources */ = {
			isa = PBXSourcesBuildPhase;
			buildActionMask = 2147483647;
			files = (
				39A46C4D2A79B3850059960A /* ViewController.swift in Sources */,
				39A46C4B2A79B3850059960A /* AppDelegate.swift in Sources */,
			);
			runOnlyForDeploymentPostprocessing = 0;
		};
		39B85CFC24AF9C8400EF17BB /* Sources */ = {
			isa = PBXSourcesBuildPhase;
			buildActionMask = 2147483647;
			files = (
				39926DAA2A865382001A169E /* NonMacDumpLogic.swift in Sources */,
				39B85D0824AF9C8400EF17BB /* ViewController.swift in Sources */,
				39B85D0424AF9C8400EF17BB /* AppDelegate.swift in Sources */,
				39B85D0624AF9C8400EF17BB /* SceneDelegate.swift in Sources */,
			);
			runOnlyForDeploymentPostprocessing = 0;
		};
		39CD0A062A85C0FF00E291D0 /* Sources */ = {
			isa = PBXSourcesBuildPhase;
			buildActionMask = 2147483647;
			files = (
				39926DAB2A865382001A169E /* NonMacDumpLogic.swift in Sources */,
				39CD0A0F2A85C0FF00E291D0 /* ContentView.swift in Sources */,
				39CD0A0D2A85C0FF00E291D0 /* WatchViewHierarchyDumpTesterApp.swift in Sources */,
			);
			runOnlyForDeploymentPostprocessing = 0;
		};
/* End PBXSourcesBuildPhase section */

/* Begin PBXTargetDependency section */
		39114EE526E2C901004FC75B /* PBXTargetDependency */ = {
			isa = PBXTargetDependency;
			productRef = 39114EE426E2C901004FC75B /* LNViewHierarchyDumper */;
		};
/* End PBXTargetDependency section */

/* Begin PBXVariantGroup section */
		39A46C502A79B3880059960A /* Main.storyboard */ = {
			isa = PBXVariantGroup;
			children = (
				39A46C512A79B3880059960A /* Base */,
			);
			name = Main.storyboard;
			sourceTree = "<group>";
		};
		39B85D0924AF9C8400EF17BB /* Main.storyboard */ = {
			isa = PBXVariantGroup;
			children = (
				39B85D0A24AF9C8400EF17BB /* Base */,
			);
			name = Main.storyboard;
			sourceTree = "<group>";
		};
		39B85D0E24AF9C8500EF17BB /* LaunchScreen.storyboard */ = {
			isa = PBXVariantGroup;
			children = (
				39B85D0F24AF9C8500EF17BB /* Base */,
			);
			name = LaunchScreen.storyboard;
			sourceTree = "<group>";
		};
/* End PBXVariantGroup section */

/* Begin XCBuildConfiguration section */
		39A46C542A79B3880059960A /* Debug */ = {
			isa = XCBuildConfiguration;
			buildSettings = {
				ASSETCATALOG_COMPILER_APPICON_NAME = AppIcon;
				ASSETCATALOG_COMPILER_GENERATE_SWIFT_ASSET_SYMBOL_EXTENSIONS = YES;
				ASSETCATALOG_COMPILER_GLOBAL_ACCENT_COLOR_NAME = AccentColor;
				CLANG_CXX_LANGUAGE_STANDARD = "gnu++20";
				CODE_SIGN_ENTITLEMENTS = AppKitViewHierarchyDumpTester/AppKitViewHierarchyDumpTester.entitlements;
				CODE_SIGN_STYLE = Automatic;
				COMBINE_HIDPI_IMAGES = YES;
				CURRENT_PROJECT_VERSION = 1;
				DEVELOPMENT_TEAM = S9QFG2VH2E;
				ENABLE_HARDENED_RUNTIME = YES;
				ENABLE_USER_SCRIPT_SANDBOXING = YES;
				GCC_C_LANGUAGE_STANDARD = gnu17;
				GENERATE_INFOPLIST_FILE = YES;
				INFOPLIST_KEY_NSHumanReadableCopyright = "";
				INFOPLIST_KEY_NSMainStoryboardFile = Main;
				INFOPLIST_KEY_NSPrincipalClass = NSApplication;
				LD_RUNPATH_SEARCH_PATHS = (
					"$(inherited)",
					"@executable_path/../Frameworks",
				);
				LOCALIZATION_PREFERS_STRING_CATALOGS = YES;
				MACOSX_DEPLOYMENT_TARGET = 14.0;
				MARKETING_VERSION = 1.0;
				PRODUCT_BUNDLE_IDENTIFIER = com.LeoNatan.AppKitViewHierarchyDumpTester;
				PRODUCT_NAME = "$(TARGET_NAME)";
				SDKROOT = macosx;
				SWIFT_ACTIVE_COMPILATION_CONDITIONS = "DEBUG $(inherited)";
				SWIFT_EMIT_LOC_STRINGS = YES;
				SWIFT_VERSION = 5.0;
			};
			name = Debug;
		};
		39A46C552A79B3880059960A /* Release */ = {
			isa = XCBuildConfiguration;
			buildSettings = {
				ASSETCATALOG_COMPILER_APPICON_NAME = AppIcon;
				ASSETCATALOG_COMPILER_GENERATE_SWIFT_ASSET_SYMBOL_EXTENSIONS = YES;
				ASSETCATALOG_COMPILER_GLOBAL_ACCENT_COLOR_NAME = AccentColor;
				CLANG_CXX_LANGUAGE_STANDARD = "gnu++20";
				CODE_SIGN_ENTITLEMENTS = AppKitViewHierarchyDumpTester/AppKitViewHierarchyDumpTester.entitlements;
				CODE_SIGN_STYLE = Automatic;
				COMBINE_HIDPI_IMAGES = YES;
				CURRENT_PROJECT_VERSION = 1;
				DEVELOPMENT_TEAM = S9QFG2VH2E;
				ENABLE_HARDENED_RUNTIME = YES;
				ENABLE_USER_SCRIPT_SANDBOXING = YES;
				GCC_C_LANGUAGE_STANDARD = gnu17;
				GENERATE_INFOPLIST_FILE = YES;
				INFOPLIST_KEY_NSHumanReadableCopyright = "";
				INFOPLIST_KEY_NSMainStoryboardFile = Main;
				INFOPLIST_KEY_NSPrincipalClass = NSApplication;
				LD_RUNPATH_SEARCH_PATHS = (
					"$(inherited)",
					"@executable_path/../Frameworks",
				);
				LOCALIZATION_PREFERS_STRING_CATALOGS = YES;
				MACOSX_DEPLOYMENT_TARGET = 14.0;
				MARKETING_VERSION = 1.0;
				PRODUCT_BUNDLE_IDENTIFIER = com.LeoNatan.AppKitViewHierarchyDumpTester;
				PRODUCT_NAME = "$(TARGET_NAME)";
				SDKROOT = macosx;
				SWIFT_EMIT_LOC_STRINGS = YES;
				SWIFT_VERSION = 5.0;
			};
			name = Release;
		};
		39B85D1224AF9C8500EF17BB /* Debug */ = {
			isa = XCBuildConfiguration;
			buildSettings = {
				ALWAYS_SEARCH_USER_PATHS = NO;
				CLANG_ANALYZER_NONNULL = YES;
				CLANG_ANALYZER_NUMBER_OBJECT_CONVERSION = YES_AGGRESSIVE;
				CLANG_CXX_LANGUAGE_STANDARD = "gnu++14";
				CLANG_CXX_LIBRARY = "libc++";
				CLANG_ENABLE_MODULES = YES;
				CLANG_ENABLE_OBJC_ARC = YES;
				CLANG_ENABLE_OBJC_WEAK = YES;
				CLANG_WARN_BLOCK_CAPTURE_AUTORELEASING = YES;
				CLANG_WARN_BOOL_CONVERSION = YES;
				CLANG_WARN_COMMA = YES;
				CLANG_WARN_CONSTANT_CONVERSION = YES;
				CLANG_WARN_DEPRECATED_OBJC_IMPLEMENTATIONS = YES;
				CLANG_WARN_DIRECT_OBJC_ISA_USAGE = YES_ERROR;
				CLANG_WARN_DOCUMENTATION_COMMENTS = YES;
				CLANG_WARN_EMPTY_BODY = YES;
				CLANG_WARN_ENUM_CONVERSION = YES;
				CLANG_WARN_INFINITE_RECURSION = YES;
				CLANG_WARN_INT_CONVERSION = YES;
				CLANG_WARN_NON_LITERAL_NULL_CONVERSION = YES;
				CLANG_WARN_OBJC_IMPLICIT_RETAIN_SELF = YES;
				CLANG_WARN_OBJC_LITERAL_CONVERSION = YES;
				CLANG_WARN_OBJC_ROOT_CLASS = YES_ERROR;
				CLANG_WARN_QUOTED_INCLUDE_IN_FRAMEWORK_HEADER = YES;
				CLANG_WARN_RANGE_LOOP_ANALYSIS = YES;
				CLANG_WARN_STRICT_PROTOTYPES = YES;
				CLANG_WARN_SUSPICIOUS_MOVE = YES;
				CLANG_WARN_UNGUARDED_AVAILABILITY = YES_AGGRESSIVE;
				CLANG_WARN_UNREACHABLE_CODE = YES;
				CLANG_WARN__DUPLICATE_METHOD_MATCH = YES;
				COPY_PHASE_STRIP = NO;
				DEBUG_INFORMATION_FORMAT = dwarf;
				ENABLE_STRICT_OBJC_MSGSEND = YES;
				ENABLE_TESTABILITY = YES;
				GCC_C_LANGUAGE_STANDARD = gnu11;
				GCC_DYNAMIC_NO_PIC = NO;
				GCC_NO_COMMON_BLOCKS = YES;
				GCC_OPTIMIZATION_LEVEL = 0;
				GCC_PREPROCESSOR_DEFINITIONS = (
					"DEBUG=1",
					"$(inherited)",
				);
				GCC_WARN_64_TO_32_BIT_CONVERSION = YES;
				GCC_WARN_ABOUT_RETURN_TYPE = YES_ERROR;
				GCC_WARN_UNDECLARED_SELECTOR = YES;
				GCC_WARN_UNINITIALIZED_AUTOS = YES_AGGRESSIVE;
				GCC_WARN_UNUSED_FUNCTION = YES;
				GCC_WARN_UNUSED_VARIABLE = YES;
				IPHONEOS_DEPLOYMENT_TARGET = 15.0;
				MTL_ENABLE_DEBUG_INFO = INCLUDE_SOURCE;
				MTL_FAST_MATH = YES;
				ONLY_ACTIVE_ARCH = YES;
				SDKROOT = iphoneos;
				SWIFT_ACTIVE_COMPILATION_CONDITIONS = DEBUG;
				SWIFT_OPTIMIZATION_LEVEL = "-Onone";
			};
			name = Debug;
		};
		39B85D1324AF9C8500EF17BB /* Release */ = {
			isa = XCBuildConfiguration;
			buildSettings = {
				ALWAYS_SEARCH_USER_PATHS = NO;
				CLANG_ANALYZER_NONNULL = YES;
				CLANG_ANALYZER_NUMBER_OBJECT_CONVERSION = YES_AGGRESSIVE;
				CLANG_CXX_LANGUAGE_STANDARD = "gnu++14";
				CLANG_CXX_LIBRARY = "libc++";
				CLANG_ENABLE_MODULES = YES;
				CLANG_ENABLE_OBJC_ARC = YES;
				CLANG_ENABLE_OBJC_WEAK = YES;
				CLANG_WARN_BLOCK_CAPTURE_AUTORELEASING = YES;
				CLANG_WARN_BOOL_CONVERSION = YES;
				CLANG_WARN_COMMA = YES;
				CLANG_WARN_CONSTANT_CONVERSION = YES;
				CLANG_WARN_DEPRECATED_OBJC_IMPLEMENTATIONS = YES;
				CLANG_WARN_DIRECT_OBJC_ISA_USAGE = YES_ERROR;
				CLANG_WARN_DOCUMENTATION_COMMENTS = YES;
				CLANG_WARN_EMPTY_BODY = YES;
				CLANG_WARN_ENUM_CONVERSION = YES;
				CLANG_WARN_INFINITE_RECURSION = YES;
				CLANG_WARN_INT_CONVERSION = YES;
				CLANG_WARN_NON_LITERAL_NULL_CONVERSION = YES;
				CLANG_WARN_OBJC_IMPLICIT_RETAIN_SELF = YES;
				CLANG_WARN_OBJC_LITERAL_CONVERSION = YES;
				CLANG_WARN_OBJC_ROOT_CLASS = YES_ERROR;
				CLANG_WARN_QUOTED_INCLUDE_IN_FRAMEWORK_HEADER = YES;
				CLANG_WARN_RANGE_LOOP_ANALYSIS = YES;
				CLANG_WARN_STRICT_PROTOTYPES = YES;
				CLANG_WARN_SUSPICIOUS_MOVE = YES;
				CLANG_WARN_UNGUARDED_AVAILABILITY = YES_AGGRESSIVE;
				CLANG_WARN_UNREACHABLE_CODE = YES;
				CLANG_WARN__DUPLICATE_METHOD_MATCH = YES;
				COPY_PHASE_STRIP = NO;
				DEBUG_INFORMATION_FORMAT = "dwarf-with-dsym";
				ENABLE_NS_ASSERTIONS = NO;
				ENABLE_STRICT_OBJC_MSGSEND = YES;
				GCC_C_LANGUAGE_STANDARD = gnu11;
				GCC_NO_COMMON_BLOCKS = YES;
				GCC_WARN_64_TO_32_BIT_CONVERSION = YES;
				GCC_WARN_ABOUT_RETURN_TYPE = YES_ERROR;
				GCC_WARN_UNDECLARED_SELECTOR = YES;
				GCC_WARN_UNINITIALIZED_AUTOS = YES_AGGRESSIVE;
				GCC_WARN_UNUSED_FUNCTION = YES;
				GCC_WARN_UNUSED_VARIABLE = YES;
				IPHONEOS_DEPLOYMENT_TARGET = 15.0;
				MTL_ENABLE_DEBUG_INFO = NO;
				MTL_FAST_MATH = YES;
				SDKROOT = iphoneos;
				SWIFT_COMPILATION_MODE = wholemodule;
				SWIFT_OPTIMIZATION_LEVEL = "-O";
				VALIDATE_PRODUCT = YES;
			};
			name = Release;
		};
		39B85D1524AF9C8500EF17BB /* Debug */ = {
			isa = XCBuildConfiguration;
			buildSettings = {
				ALWAYS_EMBED_SWIFT_STANDARD_LIBRARIES = YES;
				ASSETCATALOG_COMPILER_APPICON_NAME = AppIcon;
				ASSETCATALOG_COMPILER_GLOBAL_ACCENT_COLOR_NAME = AccentColor;
				CODE_SIGN_ENTITLEMENTS = ViewHierarchyDumpTester/ViewHierarchyDumpTester.entitlements;
				"CODE_SIGN_IDENTITY[sdk=macosx*]" = "-";
				CODE_SIGN_STYLE = Automatic;
				DEVELOPMENT_TEAM = S9QFG2VH2E;
				"ENABLE_HARDENED_RUNTIME[sdk=macosx*]" = NO;
				INFOPLIST_FILE = ViewHierarchyDumpTester/Info.plist;
				IPHONEOS_DEPLOYMENT_TARGET = 15.0;
				LD_RUNPATH_SEARCH_PATHS = (
					"$(inherited)",
					"@executable_path/Frameworks",
				);
				PRODUCT_BUNDLE_IDENTIFIER = com.LeoNatan.ViewHierarchyDumpTester;
				PRODUCT_NAME = "$(TARGET_NAME)";
				SUPPORTED_PLATFORMS = "iphoneos iphonesimulator xros xrsimulator";
				SUPPORTS_MACCATALYST = YES;
				SUPPORTS_XR_DESIGNED_FOR_IPHONE_IPAD = YES;
				SWIFT_VERSION = 5.0;
				TARGETED_DEVICE_FAMILY = "1,2,6,7";
			};
			name = Debug;
		};
		39B85D1624AF9C8500EF17BB /* Release */ = {
			isa = XCBuildConfiguration;
			buildSettings = {
				ALWAYS_EMBED_SWIFT_STANDARD_LIBRARIES = YES;
				ASSETCATALOG_COMPILER_APPICON_NAME = AppIcon;
				ASSETCATALOG_COMPILER_GLOBAL_ACCENT_COLOR_NAME = AccentColor;
				CODE_SIGN_ENTITLEMENTS = ViewHierarchyDumpTester/ViewHierarchyDumpTester.entitlements;
				"CODE_SIGN_IDENTITY[sdk=macosx*]" = "-";
				CODE_SIGN_STYLE = Automatic;
				DEVELOPMENT_TEAM = S9QFG2VH2E;
				"ENABLE_HARDENED_RUNTIME[sdk=macosx*]" = NO;
				INFOPLIST_FILE = ViewHierarchyDumpTester/Info.plist;
				IPHONEOS_DEPLOYMENT_TARGET = 15.0;
				LD_RUNPATH_SEARCH_PATHS = (
					"$(inherited)",
					"@executable_path/Frameworks",
				);
				PRODUCT_BUNDLE_IDENTIFIER = com.LeoNatan.ViewHierarchyDumpTester;
				PRODUCT_NAME = "$(TARGET_NAME)";
				SUPPORTED_PLATFORMS = "iphoneos iphonesimulator xros xrsimulator";
				SUPPORTS_MACCATALYST = YES;
				SUPPORTS_XR_DESIGNED_FOR_IPHONE_IPAD = YES;
				SWIFT_VERSION = 5.0;
				TARGETED_DEVICE_FAMILY = "1,2,6,7";
			};
			name = Release;
		};
		39CD0A192A85C10000E291D0 /* Debug */ = {
			isa = XCBuildConfiguration;
			buildSettings = {
				ASSETCATALOG_COMPILER_APPICON_NAME = AppIcon;
				ASSETCATALOG_COMPILER_GLOBAL_ACCENT_COLOR_NAME = AccentColor;
				CLANG_CXX_LANGUAGE_STANDARD = "gnu++20";
				CODE_SIGN_STYLE = Automatic;
				CURRENT_PROJECT_VERSION = 1;
				DEVELOPMENT_TEAM = S9QFG2VH2E;
				ENABLE_PREVIEWS = YES;
				GENERATE_INFOPLIST_FILE = YES;
				INFOPLIST_KEY_CFBundleDisplayName = WatchViewHierarchyDumpTester;
				INFOPLIST_KEY_UISupportedInterfaceOrientations = "UIInterfaceOrientationPortrait UIInterfaceOrientationPortraitUpsideDown";
				INFOPLIST_KEY_WKCompanionAppBundleIdentifier = com.LeoNatan.ViewHierarchyDumpTester;
				LD_RUNPATH_SEARCH_PATHS = (
					"$(inherited)",
					"@executable_path/Frameworks",
				);
				MARKETING_VERSION = 1.0;
				PRODUCT_BUNDLE_IDENTIFIER = com.LeoNatan.ViewHierarchyDumpTester.watchkitapp;
				PRODUCT_NAME = "$(TARGET_NAME)";
				SDKROOT = watchos;
				SKIP_INSTALL = YES;
				SWIFT_EMIT_LOC_STRINGS = YES;
				SWIFT_VERSION = 5.0;
				TARGETED_DEVICE_FAMILY = 4;
				WATCHOS_DEPLOYMENT_TARGET = 9.4;
			};
			name = Debug;
		};
		39CD0A1A2A85C10000E291D0 /* Release */ = {
			isa = XCBuildConfiguration;
			buildSettings = {
				ASSETCATALOG_COMPILER_APPICON_NAME = AppIcon;
				ASSETCATALOG_COMPILER_GLOBAL_ACCENT_COLOR_NAME = AccentColor;
				CLANG_CXX_LANGUAGE_STANDARD = "gnu++20";
				CODE_SIGN_STYLE = Automatic;
				CURRENT_PROJECT_VERSION = 1;
				DEVELOPMENT_TEAM = S9QFG2VH2E;
				ENABLE_PREVIEWS = YES;
				GENERATE_INFOPLIST_FILE = YES;
				INFOPLIST_KEY_CFBundleDisplayName = WatchViewHierarchyDumpTester;
				INFOPLIST_KEY_UISupportedInterfaceOrientations = "UIInterfaceOrientationPortrait UIInterfaceOrientationPortraitUpsideDown";
				INFOPLIST_KEY_WKCompanionAppBundleIdentifier = com.LeoNatan.ViewHierarchyDumpTester;
				LD_RUNPATH_SEARCH_PATHS = (
					"$(inherited)",
					"@executable_path/Frameworks",
				);
				MARKETING_VERSION = 1.0;
				PRODUCT_BUNDLE_IDENTIFIER = com.LeoNatan.ViewHierarchyDumpTester.watchkitapp;
				PRODUCT_NAME = "$(TARGET_NAME)";
				SDKROOT = watchos;
				SKIP_INSTALL = YES;
				SWIFT_EMIT_LOC_STRINGS = YES;
				SWIFT_VERSION = 5.0;
				TARGETED_DEVICE_FAMILY = 4;
				WATCHOS_DEPLOYMENT_TARGET = 9.4;
			};
			name = Release;
		};
/* End XCBuildConfiguration section */

/* Begin XCConfigurationList section */
		39A46C562A79B3880059960A /* Build configuration list for PBXNativeTarget "AppKitViewHierarchyDumpTester" */ = {
			isa = XCConfigurationList;
			buildConfigurations = (
				39A46C542A79B3880059960A /* Debug */,
				39A46C552A79B3880059960A /* Release */,
			);
			defaultConfigurationIsVisible = 0;
			defaultConfigurationName = Release;
		};
		39B85CFB24AF9C8400EF17BB /* Build configuration list for PBXProject "ViewHierarchyDumpTester" */ = {
			isa = XCConfigurationList;
			buildConfigurations = (
				39B85D1224AF9C8500EF17BB /* Debug */,
				39B85D1324AF9C8500EF17BB /* Release */,
			);
			defaultConfigurationIsVisible = 0;
			defaultConfigurationName = Release;
		};
		39B85D1424AF9C8500EF17BB /* Build configuration list for PBXNativeTarget "ViewHierarchyDumpTester" */ = {
			isa = XCConfigurationList;
			buildConfigurations = (
				39B85D1524AF9C8500EF17BB /* Debug */,
				39B85D1624AF9C8500EF17BB /* Release */,
			);
			defaultConfigurationIsVisible = 0;
			defaultConfigurationName = Release;
		};
		39CD0A1B2A85C10000E291D0 /* Build configuration list for PBXNativeTarget "WatchViewHierarchyDumpTester" */ = {
			isa = XCConfigurationList;
			buildConfigurations = (
				39CD0A192A85C10000E291D0 /* Debug */,
				39CD0A1A2A85C10000E291D0 /* Release */,
			);
			defaultConfigurationIsVisible = 0;
			defaultConfigurationName = Release;
		};
/* End XCConfigurationList section */

/* Begin XCSwiftPackageProductDependency section */
		39114EE426E2C901004FC75B /* LNViewHierarchyDumper */ = {
			isa = XCSwiftPackageProductDependency;
			productName = LNViewHierarchyDumper;
		};
		39114EE626E2C908004FC75B /* LNViewHierarchyDumper */ = {
			isa = XCSwiftPackageProductDependency;
			productName = LNViewHierarchyDumper;
		};
		39926DAC2A8653E0001A169E /* LNViewHierarchyDumper */ = {
			isa = XCSwiftPackageProductDependency;
			productName = LNViewHierarchyDumper;
		};
		39A46C572A79B6890059960A /* LNViewHierarchyDumper */ = {
			isa = XCSwiftPackageProductDependency;
			productName = LNViewHierarchyDumper;
		};
/* End XCSwiftPackageProductDependency section */
	};
	rootObject = 39B85CF824AF9C8400EF17BB /* Project object */;
}
