// !$*UTF8*$!
{
	archiveVersion = 1;
	classes = {
	};
	objectVersion = 54;
	objects = {

/* Begin PBXBuildFile section */
		39CA800824AEA352009883BC /* LNViewHierarchyDumper.h in Headers */ = {isa = PBXBuildFile; fileRef = 39CA800624AEA352009883BC /* LNViewHierarchyDumper.h */; settings = {ATTRIBUTES = (Public, ); }; };
		39CA800924AEA352009883BC /* LNViewHierarchyDumper.m in Sources */ = {isa = PBXBuildFile; fileRef = 39CA800724AEA352009883BC /* LNViewHierarchyDumper.m */; };
		600E9BC02A7A88BF00C90999 /* LNViewHierarchyDumper+LibrarySupport.h in Headers */ = {isa = PBXBuildFile; fileRef = 600E9BB52A7A88BF00C90999 /* LNViewHierarchyDumper+LibrarySupport.h */; };
		600E9BC12A7A88BF00C90999 /* LNViewHierarchyDumper+LibraryDebug.h in Headers */ = {isa = PBXBuildFile; fileRef = 600E9BB62A7A88BF00C90999 /* LNViewHierarchyDumper+LibraryDebug.h */; };
		600E9BC22A7A88BF00C90999 /* NSData+GZIP.m in Sources */ = {isa = PBXBuildFile; fileRef = 600E9BB72A7A88BF00C90999 /* NSData+GZIP.m */; };
		600E9BC32A7A88BF00C90999 /* LNViewHierarchyDumper+PhaseSupport_macOS.m in Sources */ = {isa = PBXBuildFile; fileRef = 600E9BB82A7A88BF00C90999 /* LNViewHierarchyDumper+PhaseSupport_macOS.m */; };
		600E9BC42A7A88BF00C90999 /* LNViewHierarchyDumper-Private.h in Headers */ = {isa = PBXBuildFile; fileRef = 600E9BB92A7A88BF00C90999 /* LNViewHierarchyDumper-Private.h */; };
		600E9BC52A7A88BF00C90999 /* LNViewHierarchyDumper+LibrarySupport.m in Sources */ = {isa = PBXBuildFile; fileRef = 600E9BBA2A7A88BF00C90999 /* LNViewHierarchyDumper+LibrarySupport.m */; };
		600E9BC62A7A88BF00C90999 /* LNViewHierarchyDumper+PhaseSupport_iOS.h in Headers */ = {isa = PBXBuildFile; fileRef = 600E9BBB2A7A88BF00C90999 /* LNViewHierarchyDumper+PhaseSupport_iOS.h */; };
		600E9BC72A7A88BF00C90999 /* NSData+GZIP.h in Headers */ = {isa = PBXBuildFile; fileRef = 600E9BBC2A7A88BF00C90999 /* NSData+GZIP.h */; };
		600E9BC82A7A88BF00C90999 /* LNViewHierarchyDumper+PhaseSupport_iOS.m in Sources */ = {isa = PBXBuildFile; fileRef = 600E9BBD2A7A88BF00C90999 /* LNViewHierarchyDumper+PhaseSupport_iOS.m */; };
		600E9BC92A7A88BF00C90999 /* LNViewHierarchyDumper+LibraryDebug.m in Sources */ = {isa = PBXBuildFile; fileRef = 600E9BBE2A7A88BF00C90999 /* LNViewHierarchyDumper+LibraryDebug.m */; };
		600E9BCA2A7A88BF00C90999 /* LNViewHierarchyDumper+PhaseSupport_macOS.h in Headers */ = {isa = PBXBuildFile; fileRef = 600E9BBF2A7A88BF00C90999 /* LNViewHierarchyDumper+PhaseSupport_macOS.h */; };
/* End PBXBuildFile section */

/* Begin PBXFileReference section */
		39CA7FF524AEA316009883BC /* LNViewHierarchyDumper.framework */ = {isa = PBXFileReference; explicitFileType = wrapper.framework; includeInIndex = 0; path = LNViewHierarchyDumper.framework; sourceTree = BUILT_PRODUCTS_DIR; };
		39CA7FF924AEA316009883BC /* Info.plist */ = {isa = PBXFileReference; lastKnownFileType = text.plist.xml; path = Info.plist; sourceTree = "<group>"; };
		39CA800624AEA352009883BC /* LNViewHierarchyDumper.h */ = {isa = PBXFileReference; lastKnownFileType = sourcecode.c.h; path = LNViewHierarchyDumper.h; sourceTree = "<group>"; };
		39CA800724AEA352009883BC /* LNViewHierarchyDumper.m */ = {isa = PBXFileReference; lastKnownFileType = sourcecode.c.objc; path = LNViewHierarchyDumper.m; sourceTree = "<group>"; };
		600E9BB52A7A88BF00C90999 /* LNViewHierarchyDumper+LibrarySupport.h */ = {isa = PBXFileReference; fileEncoding = 4; lastKnownFileType = sourcecode.c.h; path = "LNViewHierarchyDumper+LibrarySupport.h"; sourceTree = "<group>"; };
		600E9BB62A7A88BF00C90999 /* LNViewHierarchyDumper+LibraryDebug.h */ = {isa = PBXFileReference; fileEncoding = 4; lastKnownFileType = sourcecode.c.h; path = "LNViewHierarchyDumper+LibraryDebug.h"; sourceTree = "<group>"; };
		600E9BB72A7A88BF00C90999 /* NSData+GZIP.m */ = {isa = PBXFileReference; fileEncoding = 4; lastKnownFileType = sourcecode.c.objc; path = "NSData+GZIP.m"; sourceTree = "<group>"; };
		600E9BB82A7A88BF00C90999 /* LNViewHierarchyDumper+PhaseSupport_macOS.m */ = {isa = PBXFileReference; fileEncoding = 4; lastKnownFileType = sourcecode.c.objc; path = "LNViewHierarchyDumper+PhaseSupport_macOS.m"; sourceTree = "<group>"; };
		600E9BB92A7A88BF00C90999 /* LNViewHierarchyDumper-Private.h */ = {isa = PBXFileReference; fileEncoding = 4; lastKnownFileType = sourcecode.c.h; path = "LNViewHierarchyDumper-Private.h"; sourceTree = "<group>"; };
		600E9BBA2A7A88BF00C90999 /* LNViewHierarchyDumper+LibrarySupport.m */ = {isa = PBXFileReference; fileEncoding = 4; lastKnownFileType = sourcecode.c.objc; path = "LNViewHierarchyDumper+LibrarySupport.m"; sourceTree = "<group>"; };
		600E9BBB2A7A88BF00C90999 /* LNViewHierarchyDumper+PhaseSupport_iOS.h */ = {isa = PBXFileReference; fileEncoding = 4; lastKnownFileType = sourcecode.c.h; path = "LNViewHierarchyDumper+PhaseSupport_iOS.h"; sourceTree = "<group>"; };
		600E9BBC2A7A88BF00C90999 /* NSData+GZIP.h */ = {isa = PBXFileReference; fileEncoding = 4; lastKnownFileType = sourcecode.c.h; path = "NSData+GZIP.h"; sourceTree = "<group>"; };
		600E9BBD2A7A88BF00C90999 /* LNViewHierarchyDumper+PhaseSupport_iOS.m */ = {isa = PBXFileReference; fileEncoding = 4; lastKnownFileType = sourcecode.c.objc; path = "LNViewHierarchyDumper+PhaseSupport_iOS.m"; sourceTree = "<group>"; };
		600E9BBE2A7A88BF00C90999 /* LNViewHierarchyDumper+LibraryDebug.m */ = {isa = PBXFileReference; fileEncoding = 4; lastKnownFileType = sourcecode.c.objc; path = "LNViewHierarchyDumper+LibraryDebug.m"; sourceTree = "<group>"; };
		600E9BBF2A7A88BF00C90999 /* LNViewHierarchyDumper+PhaseSupport_macOS.h */ = {isa = PBXFileReference; fileEncoding = 4; lastKnownFileType = sourcecode.c.h; path = "LNViewHierarchyDumper+PhaseSupport_macOS.h"; sourceTree = "<group>"; };
/* End PBXFileReference section */

/* Begin PBXFrameworksBuildPhase section */
		39CA7FF224AEA316009883BC /* Frameworks */ = {
			isa = PBXFrameworksBuildPhase;
			buildActionMask = 2147483647;
			files = (
			);
			runOnlyForDeploymentPostprocessing = 0;
		};
/* End PBXFrameworksBuildPhase section */

/* Begin PBXGroup section */
		39CA7FEB24AEA316009883BC = {
			isa = PBXGroup;
			children = (
				39CA7FF724AEA316009883BC /* LNViewHierarchyDumper */,
				39CA7FF624AEA316009883BC /* Products */,
			);
			sourceTree = "<group>";
		};
		39CA7FF624AEA316009883BC /* Products */ = {
			isa = PBXGroup;
			children = (
				39CA7FF524AEA316009883BC /* LNViewHierarchyDumper.framework */,
			);
			name = Products;
			sourceTree = "<group>";
		};
		39CA7FF724AEA316009883BC /* LNViewHierarchyDumper */ = {
			isa = PBXGroup;
			children = (
				39CA7FF924AEA316009883BC /* Info.plist */,
				600E9BB92A7A88BF00C90999 /* LNViewHierarchyDumper-Private.h */,
				39CA800624AEA352009883BC /* LNViewHierarchyDumper.h */,
				39CA800724AEA352009883BC /* LNViewHierarchyDumper.m */,
				600E9BB62A7A88BF00C90999 /* LNViewHierarchyDumper+LibraryDebug.h */,
				600E9BBE2A7A88BF00C90999 /* LNViewHierarchyDumper+LibraryDebug.m */,
				600E9BB52A7A88BF00C90999 /* LNViewHierarchyDumper+LibrarySupport.h */,
				600E9BBA2A7A88BF00C90999 /* LNViewHierarchyDumper+LibrarySupport.m */,
				600E9BBB2A7A88BF00C90999 /* LNViewHierarchyDumper+PhaseSupport_iOS.h */,
				600E9BBD2A7A88BF00C90999 /* LNViewHierarchyDumper+PhaseSupport_iOS.m */,
				600E9BBF2A7A88BF00C90999 /* LNViewHierarchyDumper+PhaseSupport_macOS.h */,
				600E9BB82A7A88BF00C90999 /* LNViewHierarchyDumper+PhaseSupport_macOS.m */,
				600E9BBC2A7A88BF00C90999 /* NSData+GZIP.h */,
				600E9BB72A7A88BF00C90999 /* NSData+GZIP.m */,
			);
			path = LNViewHierarchyDumper;
			sourceTree = "<group>";
		};
/* End PBXGroup section */

/* Begin PBXHeadersBuildPhase section */
		39CA7FF024AEA316009883BC /* Headers */ = {
			isa = PBXHeadersBuildPhase;
			buildActionMask = 2147483647;
			files = (
				39CA800824AEA352009883BC /* LNViewHierarchyDumper.h in Headers */,
				600E9BCA2A7A88BF00C90999 /* LNViewHierarchyDumper+PhaseSupport_macOS.h in Headers */,
				600E9BC62A7A88BF00C90999 /* LNViewHierarchyDumper+PhaseSupport_iOS.h in Headers */,
				600E9BC72A7A88BF00C90999 /* NSData+GZIP.h in Headers */,
				600E9BC02A7A88BF00C90999 /* LNViewHierarchyDumper+LibrarySupport.h in Headers */,
				600E9BC42A7A88BF00C90999 /* LNViewHierarchyDumper-Private.h in Headers */,
				600E9BC12A7A88BF00C90999 /* LNViewHierarchyDumper+LibraryDebug.h in Headers */,
			);
			runOnlyForDeploymentPostprocessing = 0;
		};
/* End PBXHeadersBuildPhase section */

/* Begin PBXNativeTarget section */
		39CA7FF424AEA316009883BC /* LNViewHierarchyDumper */ = {
			isa = PBXNativeTarget;
			buildConfigurationList = 39CA7FFD24AEA316009883BC /* Build configuration list for PBXNativeTarget "LNViewHierarchyDumper" */;
			buildPhases = (
				39CA7FF024AEA316009883BC /* Headers */,
				39CA7FF124AEA316009883BC /* Sources */,
				39CA7FF224AEA316009883BC /* Frameworks */,
				39CA7FF324AEA316009883BC /* Resources */,
			);
			buildRules = (
			);
			dependencies = (
			);
			name = LNViewHierarchyDumper;
			productName = LNViewHierarchyDumper;
			productReference = 39CA7FF524AEA316009883BC /* LNViewHierarchyDumper.framework */;
			productType = "com.apple.product-type.framework";
		};
/* End PBXNativeTarget section */

/* Begin PBXProject section */
		39CA7FEC24AEA316009883BC /* Project object */ = {
			isa = PBXProject;
			attributes = {
				BuildIndependentTargetsInParallel = YES;
				LastUpgradeCheck = 1500;
				TargetAttributes = {
					39CA7FF424AEA316009883BC = {
						CreatedOnToolsVersion = 12.0;
					};
				};
			};
			buildConfigurationList = 39CA7FEF24AEA316009883BC /* Build configuration list for PBXProject "LNViewHierarchyDumper" */;
			compatibilityVersion = "Xcode 9.3";
			developmentRegion = en;
			hasScannedForEncodings = 0;
			knownRegions = (
				en,
				Base,
			);
			mainGroup = 39CA7FEB24AEA316009883BC;
			productRefGroup = 39CA7FF624AEA316009883BC /* Products */;
			projectDirPath = "";
			projectRoot = "";
			targets = (
				39CA7FF424AEA316009883BC /* LNViewHierarchyDumper */,
			);
		};
/* End PBXProject section */

/* Begin PBXResourcesBuildPhase section */
		39CA7FF324AEA316009883BC /* Resources */ = {
			isa = PBXResourcesBuildPhase;
			buildActionMask = 2147483647;
			files = (
			);
			runOnlyForDeploymentPostprocessing = 0;
		};
/* End PBXResourcesBuildPhase section */

/* Begin PBXSourcesBuildPhase section */
		39CA7FF124AEA316009883BC /* Sources */ = {
			isa = PBXSourcesBuildPhase;
			buildActionMask = 2147483647;
			files = (
				600E9BC82A7A88BF00C90999 /* LNViewHierarchyDumper+PhaseSupport_iOS.m in Sources */,
				600E9BC22A7A88BF00C90999 /* NSData+GZIP.m in Sources */,
				39CA800924AEA352009883BC /* LNViewHierarchyDumper.m in Sources */,
				600E9BC92A7A88BF00C90999 /* LNViewHierarchyDumper+LibraryDebug.m in Sources */,
				600E9BC32A7A88BF00C90999 /* LNViewHierarchyDumper+PhaseSupport_macOS.m in Sources */,
				600E9BC52A7A88BF00C90999 /* LNViewHierarchyDumper+LibrarySupport.m in Sources */,
			);
			runOnlyForDeploymentPostprocessing = 0;
		};
/* End PBXSourcesBuildPhase section */

/* Begin XCBuildConfiguration section */
		39CA7FFB24AEA316009883BC /* Debug */ = {
			isa = XCBuildConfiguration;
			buildSettings = {
				ALWAYS_SEARCH_USER_PATHS = NO;
				CLANG_ANALYZER_NONNULL = YES;
				CLANG_ANALYZER_NUMBER_OBJECT_CONVERSION = YES_AGGRESSIVE;
				CLANG_CXX_LANGUAGE_STANDARD = "gnu++14";
				CLANG_CXX_LIBRARY = "libc++";
				CLANG_ENABLE_MODULES = YES;
				CLANG_ENABLE_OBJC_ARC = YES;
				CLANG_ENABLE_OBJC_WEAK = YES;
				CLANG_WARN_BLOCK_CAPTURE_AUTORELEASING = YES;
				CLANG_WARN_BOOL_CONVERSION = YES;
				CLANG_WARN_COMMA = YES;
				CLANG_WARN_CONSTANT_CONVERSION = YES;
				CLANG_WARN_DEPRECATED_OBJC_IMPLEMENTATIONS = YES;
				CLANG_WARN_DIRECT_OBJC_ISA_USAGE = YES_ERROR;
				CLANG_WARN_DOCUMENTATION_COMMENTS = YES;
				CLANG_WARN_EMPTY_BODY = YES;
				CLANG_WARN_ENUM_CONVERSION = YES;
				CLANG_WARN_INFINITE_RECURSION = YES;
				CLANG_WARN_INT_CONVERSION = YES;
				CLANG_WARN_NON_LITERAL_NULL_CONVERSION = YES;
				CLANG_WARN_OBJC_IMPLICIT_RETAIN_SELF = YES;
				CLANG_WARN_OBJC_LITERAL_CONVERSION = YES;
				CLANG_WARN_OBJC_ROOT_CLASS = YES_ERROR;
				CLANG_WARN_QUOTED_INCLUDE_IN_FRAMEWORK_HEADER = YES;
				CLANG_WARN_RANGE_LOOP_ANALYSIS = YES;
				CLANG_WARN_STRICT_PROTOTYPES = YES;
				CLANG_WARN_SUSPICIOUS_MOVE = YES;
				CLANG_WARN_UNGUARDED_AVAILABILITY = YES_AGGRESSIVE;
				CLANG_WARN_UNREACHABLE_CODE = YES;
				CLANG_WARN__DUPLICATE_METHOD_MATCH = YES;
				COPY_PHASE_STRIP = NO;
				CURRENT_PROJECT_VERSION = 1;
				DEBUG_INFORMATION_FORMAT = dwarf;
				ENABLE_STRICT_OBJC_MSGSEND = YES;
				ENABLE_TESTABILITY = YES;
				ENABLE_USER_SCRIPT_SANDBOXING = YES;
				GCC_C_LANGUAGE_STANDARD = gnu11;
				GCC_DYNAMIC_NO_PIC = NO;
				GCC_NO_COMMON_BLOCKS = YES;
				GCC_OPTIMIZATION_LEVEL = 0;
				GCC_PREPROCESSOR_DEFINITIONS = (
					"DEBUG=1",
					"$(inherited)",
				);
				GCC_WARN_64_TO_32_BIT_CONVERSION = YES;
				GCC_WARN_ABOUT_RETURN_TYPE = YES_ERROR;
				GCC_WARN_UNDECLARED_SELECTOR = YES;
				GCC_WARN_UNINITIALIZED_AUTOS = YES_AGGRESSIVE;
				GCC_WARN_UNUSED_FUNCTION = YES;
				GCC_WARN_UNUSED_VARIABLE = YES;
				IPHONEOS_DEPLOYMENT_TARGET = 13.0;
				MACOSX_DEPLOYMENT_TARGET = 10.15;
				MTL_ENABLE_DEBUG_INFO = INCLUDE_SOURCE;
				MTL_FAST_MATH = YES;
				ONLY_ACTIVE_ARCH = YES;
				SDKROOT = iphoneos;
				TVOS_DEPLOYMENT_TARGET = 13.0;
				VERSIONING_SYSTEM = "apple-generic";
				VERSION_INFO_PREFIX = "";
				WATCHOS_DEPLOYMENT_TARGET = 6.0;
			};
			name = Debug;
		};
		39CA7FFC24AEA316009883BC /* Release */ = {
			isa = XCBuildConfiguration;
			buildSettings = {
				ALWAYS_SEARCH_USER_PATHS = NO;
				CLANG_ANALYZER_NONNULL = YES;
				CLANG_ANALYZER_NUMBER_OBJECT_CONVERSION = YES_AGGRESSIVE;
				CLANG_CXX_LANGUAGE_STANDARD = "gnu++14";
				CLANG_CXX_LIBRARY = "libc++";
				CLANG_ENABLE_MODULES = YES;
				CLANG_ENABLE_OBJC_ARC = YES;
				CLANG_ENABLE_OBJC_WEAK = YES;
				CLANG_WARN_BLOCK_CAPTURE_AUTORELEASING = YES;
				CLANG_WARN_BOOL_CONVERSION = YES;
				CLANG_WARN_COMMA = YES;
				CLANG_WARN_CONSTANT_CONVERSION = YES;
				CLANG_WARN_DEPRECATED_OBJC_IMPLEMENTATIONS = YES;
				CLANG_WARN_DIRECT_OBJC_ISA_USAGE = YES_ERROR;
				CLANG_WARN_DOCUMENTATION_COMMENTS = YES;
				CLANG_WARN_EMPTY_BODY = YES;
				CLANG_WARN_ENUM_CONVERSION = YES;
				CLANG_WARN_INFINITE_RECURSION = YES;
				CLANG_WARN_INT_CONVERSION = YES;
				CLANG_WARN_NON_LITERAL_NULL_CONVERSION = YES;
				CLANG_WARN_OBJC_IMPLICIT_RETAIN_SELF = YES;
				CLANG_WARN_OBJC_LITERAL_CONVERSION = YES;
				CLANG_WARN_OBJC_ROOT_CLASS = YES_ERROR;
				CLANG_WARN_QUOTED_INCLUDE_IN_FRAMEWORK_HEADER = YES;
				CLANG_WARN_RANGE_LOOP_ANALYSIS = YES;
				CLANG_WARN_STRICT_PROTOTYPES = YES;
				CLANG_WARN_SUSPICIOUS_MOVE = YES;
				CLANG_WARN_UNGUARDED_AVAILABILITY = YES_AGGRESSIVE;
				CLANG_WARN_UNREACHABLE_CODE = YES;
				CLANG_WARN__DUPLICATE_METHOD_MATCH = YES;
				COPY_PHASE_STRIP = NO;
				CURRENT_PROJECT_VERSION = 1;
				DEBUG_INFORMATION_FORMAT = "dwarf-with-dsym";
				ENABLE_NS_ASSERTIONS = NO;
				ENABLE_STRICT_OBJC_MSGSEND = YES;
				ENABLE_USER_SCRIPT_SANDBOXING = YES;
				GCC_C_LANGUAGE_STANDARD = gnu11;
				GCC_NO_COMMON_BLOCKS = YES;
				GCC_WARN_64_TO_32_BIT_CONVERSION = YES;
				GCC_WARN_ABOUT_RETURN_TYPE = YES_ERROR;
				GCC_WARN_UNDECLARED_SELECTOR = YES;
				GCC_WARN_UNINITIALIZED_AUTOS = YES_AGGRESSIVE;
				GCC_WARN_UNUSED_FUNCTION = YES;
				GCC_WARN_UNUSED_VARIABLE = YES;
				IPHONEOS_DEPLOYMENT_TARGET = 13.0;
				MACOSX_DEPLOYMENT_TARGET = 10.15;
				MTL_ENABLE_DEBUG_INFO = NO;
				MTL_FAST_MATH = YES;
				SDKROOT = iphoneos;
				TVOS_DEPLOYMENT_TARGET = 13.0;
				VALIDATE_PRODUCT = YES;
				VERSIONING_SYSTEM = "apple-generic";
				VERSION_INFO_PREFIX = "";
				WATCHOS_DEPLOYMENT_TARGET = 6.0;
			};
			name = Release;
		};
		39CA7FFE24AEA316009883BC /* Debug */ = {
			isa = XCBuildConfiguration;
			buildSettings = {
				CODE_SIGN_IDENTITY = "";
				CODE_SIGN_STYLE = Automatic;
				DEFINES_MODULE = YES;
				DYLIB_COMPATIBILITY_VERSION = 1;
				DYLIB_CURRENT_VERSION = 1;
				DYLIB_INSTALL_NAME_BASE = "@rpath";
				ENABLE_MODULE_VERIFIER = YES;
				INFOPLIST_FILE = LNViewHierarchyDumper/Info.plist;
				INSTALL_PATH = "$(LOCAL_LIBRARY_DIR)/Frameworks";
				LD_RUNPATH_SEARCH_PATHS = (
					"$(inherited)",
					"@executable_path/Frameworks",
					"@loader_path/Frameworks",
				);
				MODULE_VERIFIER_SUPPORTED_LANGUAGES = "objective-c objective-c++";
				MODULE_VERIFIER_SUPPORTED_LANGUAGE_STANDARDS = "gnu11 gnu++14";
				PRODUCT_BUNDLE_IDENTIFIER = com.LeoNatan.LNViewHierarchyDumper;
				PRODUCT_NAME = "$(TARGET_NAME:c99extidentifier)";
				SKIP_INSTALL = YES;
				SUPPORTED_PLATFORMS = "appletvos appletvsimulator iphoneos iphonesimulator macosx watchos watchsimulator xros xrsimulator";
				SUPPORTS_MACCATALYST = YES;
				TARGETED_DEVICE_FAMILY = "1,2,3,4,6,7";
				TVOS_DEPLOYMENT_TARGET = 14.0;
				WATCHOS_DEPLOYMENT_TARGET = 7.0;
			};
			name = Debug;
		};
		39CA7FFF24AEA316009883BC /* Release */ = {
			isa = XCBuildConfiguration;
			buildSettings = {
				CODE_SIGN_IDENTITY = "";
				CODE_SIGN_STYLE = Automatic;
				DEFINES_MODULE = YES;
				DYLIB_COMPATIBILITY_VERSION = 1;
				DYLIB_CURRENT_VERSION = 1;
				DYLIB_INSTALL_NAME_BASE = "@rpath";
				ENABLE_MODULE_VERIFIER = YES;
				INFOPLIST_FILE = LNViewHierarchyDumper/Info.plist;
				INSTALL_PATH = "$(LOCAL_LIBRARY_DIR)/Frameworks";
				LD_RUNPATH_SEARCH_PATHS = (
					"$(inherited)",
					"@executable_path/Frameworks",
					"@loader_path/Frameworks",
				);
				MODULE_VERIFIER_SUPPORTED_LANGUAGES = "objective-c objective-c++";
				MODULE_VERIFIER_SUPPORTED_LANGUAGE_STANDARDS = "gnu11 gnu++14";
				PRODUCT_BUNDLE_IDENTIFIER = com.LeoNatan.LNViewHierarchyDumper;
				PRODUCT_NAME = "$(TARGET_NAME:c99extidentifier)";
				SKIP_INSTALL = YES;
				SUPPORTED_PLATFORMS = "appletvos appletvsimulator iphoneos iphonesimulator macosx watchos watchsimulator xros xrsimulator";
				SUPPORTS_MACCATALYST = YES;
				TARGETED_DEVICE_FAMILY = "1,2,3,4,6,7";
				TVOS_DEPLOYMENT_TARGET = 14.0;
				WATCHOS_DEPLOYMENT_TARGET = 7.0;
			};
			name = Release;
		};
/* End XCBuildConfiguration section */

/* Begin XCConfigurationList section */
		39CA7FEF24AEA316009883BC /* Build configuration list for PBXProject "LNViewHierarchyDumper" */ = {
			isa = XCConfigurationList;
			buildConfigurations = (
				39CA7FFB24AEA316009883BC /* Debug */,
				39CA7FFC24AEA316009883BC /* Release */,
			);
			defaultConfigurationIsVisible = 0;
			defaultConfigurationName = Release;
		};
		39CA7FFD24AEA316009883BC /* Build configuration list for PBXNativeTarget "LNViewHierarchyDumper" */ = {
			isa = XCConfigurationList;
			buildConfigurations = (
				39CA7FFE24AEA316009883BC /* Debug */,
				39CA7FFF24AEA316009883BC /* Release */,
			);
			defaultConfigurationIsVisible = 0;
			defaultConfigurationName = Release;
		};
/* End XCConfigurationList section */
	};
	rootObject = 39CA7FEC24AEA316009883BC /* Project object */;
}
